
Microsoft Visual Studio Solution File, Format Version 12.00
Project("{FAE04EC0-301F-11D3-BF4B-00C04F79EFBC}") = "ActivityService", "ActivityService\ActivityService.csproj", "{41EA4361-EA15-4A67-B4CF-9ECF2FDD91CF}"
EndProject
Project("{FAE04EC0-301F-11D3-BF4B-00C04F79EFBC}") = "NotificationService.gRPC", "NotificationService.gRPC\NotificationService.gRPC.csproj", "{EEF33B2E-0710-47ED-B834-BDD3AE280B95}"
EndProject
Global
	GlobalSection(SolutionConfigurationPlatforms) = preSolution
		Debug|Any CPU = Debug|Any CPU
		Release|Any CPU = Release|Any CPU
	EndGlobalSection
	GlobalSection(ProjectConfigurationPlatforms) = postSolution
		{41EA4361-EA15-4A67-B4CF-9ECF2FDD91CF}.Debug|Any CPU.ActiveCfg = Debug|Any CPU
		{41EA4361-EA15-4A67-B4CF-9ECF2FDD91CF}.Debug|Any CPU.Build.0 = Debug|Any CPU
		{41EA4361-EA15-4A67-B4CF-9ECF2FDD91CF}.Release|Any CPU.ActiveCfg = Release|Any CPU
		{41EA4361-EA15-4A67-B4CF-9ECF2FDD91CF}.Release|Any CPU.Build.0 = Release|Any CPU
		{EEF33B2E-0710-47ED-B834-BDD3AE280B95}.Debug|Any CPU.ActiveCfg = Debug|Any CPU
		{EEF33B2E-0710-47ED-B834-BDD3AE280B95}.Debug|Any CPU.Build.0 = Debug|Any CPU
		{EEF33B2E-0710-47ED-B834-BDD3AE280B95}.Release|Any CPU.ActiveCfg = Release|Any CPU
		{EEF33B2E-0710-47ED-B834-BDD3AE280B95}.Release|Any CPU.Build.0 = Release|Any CPU
	EndGlobalSection
EndGlobal
