
Microsoft Visual Studio Solution File, Format Version 12.00
Project("{FAE04EC0-301F-11D3-BF4B-00C04F79EFBC}") = "gRPC_Server", "gRPC_Server\gRPC_Server.csproj", "{C66FB5F0-9A55-415D-AEB9-AC1B7BBB0124}"
EndProject
Project("{FAE04EC0-301F-11D3-BF4B-00C04F79EFBC}") = "gRPC_Client", "gRPC_Client\gRPC_Client.csproj", "{8D1B15A4-004E-4BB7-9DFE-4BA445F6BFEE}"
EndProject
Project("{2150E333-8FDC-42A3-9474-1A3956D46DE8}") = "Part One", "Part One", "{D05A58AB-0690-4B94-8102-AFE1252B0E42}"
EndProject
Project("{2150E333-8FDC-42A3-9474-1A3956D46DE8}") = "Part Two", "Part Two", "{F6A00DB7-C220-4826-ACB1-13B3A93C14A7}"
EndProject
Project("{FAE04EC0-301F-11D3-BF4B-00C04F79EFBC}") = "IdentityService.Grpc", "IdentityService.Grpc\IdentityService.Grpc.csproj", "{4DFD6671-B6A6-4373-953B-589929353FC1}"
EndProject
Project("{FAE04EC0-301F-11D3-BF4B-00C04F79EFBC}") = "LocalIdentityAuthService", "LocalIdentityAuthService\LocalIdentityAuthService.csproj", "{3A5269BB-90A7-4460-B641-8D2873FBBBF9}"
EndProject
Global
	GlobalSection(SolutionConfigurationPlatforms) = preSolution
		Debug|Any CPU = Debug|Any CPU
		Release|Any CPU = Release|Any CPU
	EndGlobalSection
	GlobalSection(ProjectConfigurationPlatforms) = postSolution
		{C66FB5F0-9A55-415D-AEB9-AC1B7BBB0124}.Debug|Any CPU.ActiveCfg = Debug|Any CPU
		{C66FB5F0-9A55-415D-AEB9-AC1B7BBB0124}.Debug|Any CPU.Build.0 = Debug|Any CPU
		{C66FB5F0-9A55-415D-AEB9-AC1B7BBB0124}.Release|Any CPU.ActiveCfg = Release|Any CPU
		{C66FB5F0-9A55-415D-AEB9-AC1B7BBB0124}.Release|Any CPU.Build.0 = Release|Any CPU
		{8D1B15A4-004E-4BB7-9DFE-4BA445F6BFEE}.Debug|Any CPU.ActiveCfg = Debug|Any CPU
		{8D1B15A4-004E-4BB7-9DFE-4BA445F6BFEE}.Debug|Any CPU.Build.0 = Debug|Any CPU
		{8D1B15A4-004E-4BB7-9DFE-4BA445F6BFEE}.Release|Any CPU.ActiveCfg = Release|Any CPU
		{8D1B15A4-004E-4BB7-9DFE-4BA445F6BFEE}.Release|Any CPU.Build.0 = Release|Any CPU
		{4DFD6671-B6A6-4373-953B-589929353FC1}.Debug|Any CPU.ActiveCfg = Debug|Any CPU
		{4DFD6671-B6A6-4373-953B-589929353FC1}.Debug|Any CPU.Build.0 = Debug|Any CPU
		{4DFD6671-B6A6-4373-953B-589929353FC1}.Release|Any CPU.ActiveCfg = Release|Any CPU
		{4DFD6671-B6A6-4373-953B-589929353FC1}.Release|Any CPU.Build.0 = Release|Any CPU
		{3A5269BB-90A7-4460-B641-8D2873FBBBF9}.Debug|Any CPU.ActiveCfg = Debug|Any CPU
		{3A5269BB-90A7-4460-B641-8D2873FBBBF9}.Debug|Any CPU.Build.0 = Debug|Any CPU
		{3A5269BB-90A7-4460-B641-8D2873FBBBF9}.Release|Any CPU.ActiveCfg = Release|Any CPU
		{3A5269BB-90A7-4460-B641-8D2873FBBBF9}.Release|Any CPU.Build.0 = Release|Any CPU
	EndGlobalSection
	GlobalSection(NestedProjects) = preSolution
		{8D1B15A4-004E-4BB7-9DFE-4BA445F6BFEE} = {D05A58AB-0690-4B94-8102-AFE1252B0E42}
		{C66FB5F0-9A55-415D-AEB9-AC1B7BBB0124} = {D05A58AB-0690-4B94-8102-AFE1252B0E42}
		{4DFD6671-B6A6-4373-953B-589929353FC1} = {F6A00DB7-C220-4826-ACB1-13B3A93C14A7}
		{3A5269BB-90A7-4460-B641-8D2873FBBBF9} = {F6A00DB7-C220-4826-ACB1-13B3A93C14A7}
	EndGlobalSection
EndGlobal
