
Microsoft Visual Studio Solution File, Format Version 12.00
Project("{FAE04EC0-301F-11D3-BF4B-00C04F79EFBC}") = "ServerApi", "ServerApi\ServerApi.csproj", "{738D52F2-71D5-4AFD-BDFD-C1FEA0070D11}"
EndProject
Project("{FAE04EC0-301F-11D3-BF4B-00C04F79EFBC}") = "ServerApi_Minimal", "ServerApi_Minimal\ServerApi_Minimal.csproj", "{0539CF8C-8683-4704-9170-21FA06EC799C}"
EndProject
Global
	GlobalSection(SolutionConfigurationPlatforms) = preSolution
		Debug|Any CPU = Debug|Any CPU
		Release|Any CPU = Release|Any CPU
	EndGlobalSection
	GlobalSection(ProjectConfigurationPlatforms) = postSolution
		{738D52F2-71D5-4AFD-BDFD-C1FEA0070D11}.Debug|Any CPU.ActiveCfg = Debug|Any CPU
		{738D52F2-71D5-4AFD-BDFD-C1FEA0070D11}.Debug|Any CPU.Build.0 = Debug|Any CPU
		{738D52F2-71D5-4AFD-BDFD-C1FEA0070D11}.Release|Any CPU.ActiveCfg = Release|Any CPU
		{738D52F2-71D5-4AFD-BDFD-C1FEA0070D11}.Release|Any CPU.Build.0 = Release|Any CPU
		{0539CF8C-8683-4704-9170-21FA06EC799C}.Debug|Any CPU.ActiveCfg = Debug|Any CPU
		{0539CF8C-8683-4704-9170-21FA06EC799C}.Debug|Any CPU.Build.0 = Debug|Any CPU
		{0539CF8C-8683-4704-9170-21FA06EC799C}.Release|Any CPU.ActiveCfg = Release|Any CPU
		{0539CF8C-8683-4704-9170-21FA06EC799C}.Release|Any CPU.Build.0 = Release|Any CPU
	EndGlobalSection
EndGlobal
